
Microsoft Visual Studio Solution File, Format Version 12.00
# Visual Studio Version 17
VisualStudioVersion = 17.3.32811.315
MinimumVisualStudioVersion = 10.0.40219.1
Project("{FAE04EC0-301F-11D3-BF4B-00C04F79EFBC}") = "Pr01", "Pr01\Pr01.csproj", "{AB3F7D86-518E-4617-B34C-CC8C9DD96F57}"
EndProject
Project("{FAE04EC0-301F-11D3-BF4B-00C04F79EFBC}") = "Pr02", "Pr02\Pr02.csproj", "{0695BD45-E2EB-44C2-9E38-88E55D4298AF}"
EndProject
Project("{FAE04EC0-301F-11D3-BF4B-00C04F79EFBC}") = "Pr03", "Pr03\Pr03.csproj", "{BD986AD8-3E9A-400C-949E-60EEC7A5CA73}"
EndProject
Project("{FAE04EC0-301F-11D3-BF4B-00C04F79EFBC}") = "Pr04", "Pr04\Pr04.csproj", "{F9B5E146-572B-4C73-9FBF-86545FAE5E10}"
EndProject
Project("{FAE04EC0-301F-11D3-BF4B-00C04F79EFBC}") = "Pr05", "Pr05\Pr05.csproj", "{DF6A95F5-70F5-4F86-AE99-66B13DDA3708}"
EndProject
Project("{FAE04EC0-301F-11D3-BF4B-00C04F79EFBC}") = "Pr06", "Pr06\Pr06.csproj", "{59E6C79C-AB1F-4275-9D51-D196B1D65AEA}"
EndProject
Project("{FAE04EC0-301F-11D3-BF4B-00C04F79EFBC}") = "Pr07", "Pr07\Pr07.csproj", "{D7B6747F-1EB8-4630-8222-F29B684A6F2E}"
EndProject
Project("{FAE04EC0-301F-11D3-BF4B-00C04F79EFBC}") = "Pr08", "Pr08\Pr08.csproj", "{53FFBE81-3E5F-41D3-BD55-45C051F77660}"
EndProject
Project("{FAE04EC0-301F-11D3-BF4B-00C04F79EFBC}") = "Pr09", "Pr09\Pr09.csproj", "{6915ACB6-69A0-46D1-8020-083ED0DB7E56}"
EndProject
Project("{FAE04EC0-301F-11D3-BF4B-00C04F79EFBC}") = "Pr10", "Pr10\Pr10.csproj", "{E7C1AF84-2F7E-4B94-9C23-CD37BF51EACE}"
EndProject
Global
	GlobalSection(SolutionConfigurationPlatforms) = preSolution
		Debug|Any CPU = Debug|Any CPU
		Release|Any CPU = Release|Any CPU
	EndGlobalSection
	GlobalSection(ProjectConfigurationPlatforms) = postSolution
		{AB3F7D86-518E-4617-B34C-CC8C9DD96F57}.Debug|Any CPU.ActiveCfg = Debug|Any CPU
		{AB3F7D86-518E-4617-B34C-CC8C9DD96F57}.Debug|Any CPU.Build.0 = Debug|Any CPU
		{AB3F7D86-518E-4617-B34C-CC8C9DD96F57}.Release|Any CPU.ActiveCfg = Release|Any CPU
		{AB3F7D86-518E-4617-B34C-CC8C9DD96F57}.Release|Any CPU.Build.0 = Release|Any CPU
		{0695BD45-E2EB-44C2-9E38-88E55D4298AF}.Debug|Any CPU.ActiveCfg = Debug|Any CPU
		{0695BD45-E2EB-44C2-9E38-88E55D4298AF}.Debug|Any CPU.Build.0 = Debug|Any CPU
		{0695BD45-E2EB-44C2-9E38-88E55D4298AF}.Release|Any CPU.ActiveCfg = Release|Any CPU
		{0695BD45-E2EB-44C2-9E38-88E55D4298AF}.Release|Any CPU.Build.0 = Release|Any CPU
		{BD986AD8-3E9A-400C-949E-60EEC7A5CA73}.Debug|Any CPU.ActiveCfg = Debug|Any CPU
		{BD986AD8-3E9A-400C-949E-60EEC7A5CA73}.Debug|Any CPU.Build.0 = Debug|Any CPU
		{BD986AD8-3E9A-400C-949E-60EEC7A5CA73}.Release|Any CPU.ActiveCfg = Release|Any CPU
		{BD986AD8-3E9A-400C-949E-60EEC7A5CA73}.Release|Any CPU.Build.0 = Release|Any CPU
		{F9B5E146-572B-4C73-9FBF-86545FAE5E10}.Debug|Any CPU.ActiveCfg = Debug|Any CPU
		{F9B5E146-572B-4C73-9FBF-86545FAE5E10}.Debug|Any CPU.Build.0 = Debug|Any CPU
		{F9B5E146-572B-4C73-9FBF-86545FAE5E10}.Release|Any CPU.ActiveCfg = Release|Any CPU
		{F9B5E146-572B-4C73-9FBF-86545FAE5E10}.Release|Any CPU.Build.0 = Release|Any CPU
		{DF6A95F5-70F5-4F86-AE99-66B13DDA3708}.Debug|Any CPU.ActiveCfg = Debug|Any CPU
		{DF6A95F5-70F5-4F86-AE99-66B13DDA3708}.Debug|Any CPU.Build.0 = Debug|Any CPU
		{DF6A95F5-70F5-4F86-AE99-66B13DDA3708}.Release|Any CPU.ActiveCfg = Release|Any CPU
		{DF6A95F5-70F5-4F86-AE99-66B13DDA3708}.Release|Any CPU.Build.0 = Release|Any CPU
		{59E6C79C-AB1F-4275-9D51-D196B1D65AEA}.Debug|Any CPU.ActiveCfg = Debug|Any CPU
		{59E6C79C-AB1F-4275-9D51-D196B1D65AEA}.Debug|Any CPU.Build.0 = Debug|Any CPU
		{59E6C79C-AB1F-4275-9D51-D196B1D65AEA}.Release|Any CPU.ActiveCfg = Release|Any CPU
		{59E6C79C-AB1F-4275-9D51-D196B1D65AEA}.Release|Any CPU.Build.0 = Release|Any CPU
		{D7B6747F-1EB8-4630-8222-F29B684A6F2E}.Debug|Any CPU.ActiveCfg = Debug|Any CPU
		{D7B6747F-1EB8-4630-8222-F29B684A6F2E}.Debug|Any CPU.Build.0 = Debug|Any CPU
		{D7B6747F-1EB8-4630-8222-F29B684A6F2E}.Release|Any CPU.ActiveCfg = Release|Any CPU
		{D7B6747F-1EB8-4630-8222-F29B684A6F2E}.Release|Any CPU.Build.0 = Release|Any CPU
		{53FFBE81-3E5F-41D3-BD55-45C051F77660}.Debug|Any CPU.ActiveCfg = Debug|Any CPU
		{53FFBE81-3E5F-41D3-BD55-45C051F77660}.Debug|Any CPU.Build.0 = Debug|Any CPU
		{53FFBE81-3E5F-41D3-BD55-45C051F77660}.Release|Any CPU.ActiveCfg = Release|Any CPU
		{53FFBE81-3E5F-41D3-BD55-45C051F77660}.Release|Any CPU.Build.0 = Release|Any CPU
		{6915ACB6-69A0-46D1-8020-083ED0DB7E56}.Debug|Any CPU.ActiveCfg = Debug|Any CPU
		{6915ACB6-69A0-46D1-8020-083ED0DB7E56}.Debug|Any CPU.Build.0 = Debug|Any CPU
		{6915ACB6-69A0-46D1-8020-083ED0DB7E56}.Release|Any CPU.ActiveCfg = Release|Any CPU
		{6915ACB6-69A0-46D1-8020-083ED0DB7E56}.Release|Any CPU.Build.0 = Release|Any CPU
		{E7C1AF84-2F7E-4B94-9C23-CD37BF51EACE}.Debug|Any CPU.ActiveCfg = Debug|Any CPU
		{E7C1AF84-2F7E-4B94-9C23-CD37BF51EACE}.Debug|Any CPU.Build.0 = Debug|Any CPU
		{E7C1AF84-2F7E-4B94-9C23-CD37BF51EACE}.Release|Any CPU.ActiveCfg = Release|Any CPU
		{E7C1AF84-2F7E-4B94-9C23-CD37BF51EACE}.Release|Any CPU.Build.0 = Release|Any CPU
	EndGlobalSection
	GlobalSection(SolutionProperties) = preSolution
		HideSolutionNode = FALSE
	EndGlobalSection
	GlobalSection(ExtensibilityGlobals) = postSolution
		SolutionGuid = {E410316F-ACE9-4E0D-85C7-E8A68B254133}
	EndGlobalSection
EndGlobal
